
Microsoft Visual Studio Solution File, Format Version 12.00
# Visual Studio Version 17
VisualStudioVersion = 17.0.31903.59
MinimumVisualStudioVersion = 10.0.40219.1
Project("{FAE04EC0-301F-11D3-BF4B-00C04F79EFBC}") = "NicoleGuard.UI", "NicoleGuard.UI\NicoleGuard.UI.csproj", "{F2E9B3D7-8875-45FD-A47F-A3FD74700E32}"
EndProject
Project("{FAE04EC0-301F-11D3-BF4B-00C04F79EFBC}") = "NicoleGuard.Core", "NicoleGuard.Core\NicoleGuard.Core.csproj", "{0120964A-25B6-4C8E-8E3B-7D4DB4202E62}"
EndProject
Project("{FAE04EC0-301F-11D3-BF4B-00C04F79EFBC}") = "NicoleGuard.Data", "NicoleGuard.Data\NicoleGuard.Data.csproj", "{6945F61F-DD8F-45BD-904E-9070D9504102}"
EndProject
Global
	GlobalSection(SolutionConfigurationPlatforms) = preSolution
		Debug|Any CPU = Debug|Any CPU
		Debug|x64 = Debug|x64
		Debug|x86 = Debug|x86
		Release|Any CPU = Release|Any CPU
		Release|x64 = Release|x64
		Release|x86 = Release|x86
	EndGlobalSection
	GlobalSection(ProjectConfigurationPlatforms) = postSolution
		{F2E9B3D7-8875-45FD-A47F-A3FD74700E32}.Debug|Any CPU.ActiveCfg = Debug|Any CPU
		{F2E9B3D7-8875-45FD-A47F-A3FD74700E32}.Debug|Any CPU.Build.0 = Debug|Any CPU
		{F2E9B3D7-8875-45FD-A47F-A3FD74700E32}.Debug|x64.ActiveCfg = Debug|Any CPU
		{F2E9B3D7-8875-45FD-A47F-A3FD74700E32}.Debug|x64.Build.0 = Debug|Any CPU
		{F2E9B3D7-8875-45FD-A47F-A3FD74700E32}.Debug|x86.ActiveCfg = Debug|Any CPU
		{F2E9B3D7-8875-45FD-A47F-A3FD74700E32}.Debug|x86.Build.0 = Debug|Any CPU
		{F2E9B3D7-8875-45FD-A47F-A3FD74700E32}.Release|Any CPU.ActiveCfg = Release|Any CPU
		{F2E9B3D7-8875-45FD-A47F-A3FD74700E32}.Release|Any CPU.Build.0 = Release|Any CPU
		{F2E9B3D7-8875-45FD-A47F-A3FD74700E32}.Release|x64.ActiveCfg = Release|Any CPU
		{F2E9B3D7-8875-45FD-A47F-A3FD74700E32}.Release|x64.Build.0 = Release|Any CPU
		{F2E9B3D7-8875-45FD-A47F-A3FD74700E32}.Release|x86.ActiveCfg = Release|Any CPU
		{F2E9B3D7-8875-45FD-A47F-A3FD74700E32}.Release|x86.Build.0 = Release|Any CPU
		{0120964A-25B6-4C8E-8E3B-7D4DB4202E62}.Debug|Any CPU.ActiveCfg = Debug|Any CPU
		{0120964A-25B6-4C8E-8E3B-7D4DB4202E62}.Debug|Any CPU.Build.0 = Debug|Any CPU
		{0120964A-25B6-4C8E-8E3B-7D4DB4202E62}.Debug|x64.ActiveCfg = Debug|Any CPU
		{0120964A-25B6-4C8E-8E3B-7D4DB4202E62}.Debug|x64.Build.0 = Debug|Any CPU
		{0120964A-25B6-4C8E-8E3B-7D4DB4202E62}.Debug|x86.ActiveCfg = Debug|Any CPU
		{0120964A-25B6-4C8E-8E3B-7D4DB4202E62}.Debug|x86.Build.0 = Debug|Any CPU
		{0120964A-25B6-4C8E-8E3B-7D4DB4202E62}.Release|Any CPU.ActiveCfg = Release|Any CPU
		{0120964A-25B6-4C8E-8E3B-7D4DB4202E62}.Release|Any CPU.Build.0 = Release|Any CPU
		{0120964A-25B6-4C8E-8E3B-7D4DB4202E62}.Release|x64.ActiveCfg = Release|Any CPU
		{0120964A-25B6-4C8E-8E3B-7D4DB4202E62}.Release|x64.Build.0 = Release|Any CPU
		{0120964A-25B6-4C8E-8E3B-7D4DB4202E62}.Release|x86.ActiveCfg = Release|Any CPU
		{0120964A-25B6-4C8E-8E3B-7D4DB4202E62}.Release|x86.Build.0 = Release|Any CPU
		{6945F61F-DD8F-45BD-904E-9070D9504102}.Debug|Any CPU.ActiveCfg = Debug|Any CPU
		{6945F61F-DD8F-45BD-904E-9070D9504102}.Debug|Any CPU.Build.0 = Debug|Any CPU
		{6945F61F-DD8F-45BD-904E-9070D9504102}.Debug|x64.ActiveCfg = Debug|Any CPU
		{6945F61F-DD8F-45BD-904E-9070D9504102}.Debug|x64.Build.0 = Debug|Any CPU
		{6945F61F-DD8F-45BD-904E-9070D9504102}.Debug|x86.ActiveCfg = Debug|Any CPU
		{6945F61F-DD8F-45BD-904E-9070D9504102}.Debug|x86.Build.0 = Debug|Any CPU
		{6945F61F-DD8F-45BD-904E-9070D9504102}.Release|Any CPU.ActiveCfg = Release|Any CPU
		{6945F61F-DD8F-45BD-904E-9070D9504102}.Release|Any CPU.Build.0 = Release|Any CPU
		{6945F61F-DD8F-45BD-904E-9070D9504102}.Release|x64.ActiveCfg = Release|Any CPU
		{6945F61F-DD8F-45BD-904E-9070D9504102}.Release|x64.Build.0 = Release|Any CPU
		{6945F61F-DD8F-45BD-904E-9070D9504102}.Release|x86.ActiveCfg = Release|Any CPU
		{6945F61F-DD8F-45BD-904E-9070D9504102}.Release|x86.Build.0 = Release|Any CPU
	EndGlobalSection
	GlobalSection(SolutionProperties) = preSolution
		HideSolutionNode = FALSE
	EndGlobalSection
EndGlobal
